
Microsoft Visual Studio Solution File, Format Version 12.00
# Visual Studio Version 17
VisualStudioVersion = 17.3.32819.101
MinimumVisualStudioVersion = 10.0.40219.1
Project("{FAE04EC0-301F-11D3-BF4B-00C04F79EFBC}") = "ConsoleApp1", "ConsoleApp1.csproj", "{C79A8C04-A2C0-4DCF-8462-4AE6C0831788}"
EndProject
Global
	GlobalSection(SolutionConfigurationPlatforms) = preSolution
		Debug|Any CPU = Debug|Any CPU
		Release|Any CPU = Release|Any CPU
	EndGlobalSection
	GlobalSection(ProjectConfigurationPlatforms) = postSolution
		{C79A8C04-A2C0-4DCF-8462-4AE6C0831788}.Debug|Any CPU.ActiveCfg = Debug|Any CPU
		{C79A8C04-A2C0-4DCF-8462-4AE6C0831788}.Debug|Any CPU.Build.0 = Debug|Any CPU
		{C79A8C04-A2C0-4DCF-8462-4AE6C0831788}.Release|Any CPU.ActiveCfg = Release|Any CPU
		{C79A8C04-A2C0-4DCF-8462-4AE6C0831788}.Release|Any CPU.Build.0 = Release|Any CPU
	EndGlobalSection
	GlobalSection(SolutionProperties) = preSolution
		HideSolutionNode = FALSE
	EndGlobalSection
	GlobalSection(ExtensibilityGlobals) = postSolution
		SolutionGuid = {82C0BDEC-9E94-41E7-9BB0-1E39B2848907}
	EndGlobalSection
EndGlobal
