
Microsoft Visual Studio Solution File, Format Version 12.00
# Visual Studio Version 17
VisualStudioVersion = 17.3.32819.101
MinimumVisualStudioVersion = 10.0.40219.1
Project("{9A19103F-16F7-4668-BE54-9A1E7A4F7556}") = "WebAppTest1", "WebAppTest1.csproj", "{D2D7E755-725D-432D-817B-1FA9F3D19601}"
EndProject
Project("{FAE04EC0-301F-11D3-BF4B-00C04F79EFBC}") = "WebAppTest1Applayer", "..\WebAppTest1Applayer\WebAppTest1Applayer.csproj", "{8F9908DD-8C3F-4B15-997F-9B84A5432CA7}"
EndProject
Project("{FAE04EC0-301F-11D3-BF4B-00C04F79EFBC}") = "WebAppAppServiceLayer", "..\WebAppAppServiceLayer\WebAppAppServiceLayer.csproj", "{DBA129A5-B607-4656-A3F6-592942AF55A9}"
EndProject
Project("{FAE04EC0-301F-11D3-BF4B-00C04F79EFBC}") = "WebAppRepository", "..\WebAppRepository\WebAppRepository.csproj", "{5EFACF81-11B5-4BA0-AAC0-F61293321712}"
EndProject
Project("{FAE04EC0-301F-11D3-BF4B-00C04F79EFBC}") = "WebAppDomain", "..\WebAppDomain\WebAppDomain.csproj", "{A16B63A7-9810-4CF3-9B66-827E9C894799}"
EndProject
Global
	GlobalSection(SolutionConfigurationPlatforms) = preSolution
		Debug|Any CPU = Debug|Any CPU
		Release|Any CPU = Release|Any CPU
	EndGlobalSection
	GlobalSection(ProjectConfigurationPlatforms) = postSolution
		{D2D7E755-725D-432D-817B-1FA9F3D19601}.Debug|Any CPU.ActiveCfg = Debug|Any CPU
		{D2D7E755-725D-432D-817B-1FA9F3D19601}.Debug|Any CPU.Build.0 = Debug|Any CPU
		{D2D7E755-725D-432D-817B-1FA9F3D19601}.Release|Any CPU.ActiveCfg = Release|Any CPU
		{D2D7E755-725D-432D-817B-1FA9F3D19601}.Release|Any CPU.Build.0 = Release|Any CPU
		{8F9908DD-8C3F-4B15-997F-9B84A5432CA7}.Debug|Any CPU.ActiveCfg = Debug|Any CPU
		{8F9908DD-8C3F-4B15-997F-9B84A5432CA7}.Debug|Any CPU.Build.0 = Debug|Any CPU
		{8F9908DD-8C3F-4B15-997F-9B84A5432CA7}.Release|Any CPU.ActiveCfg = Release|Any CPU
		{8F9908DD-8C3F-4B15-997F-9B84A5432CA7}.Release|Any CPU.Build.0 = Release|Any CPU
		{DBA129A5-B607-4656-A3F6-592942AF55A9}.Debug|Any CPU.ActiveCfg = Debug|Any CPU
		{DBA129A5-B607-4656-A3F6-592942AF55A9}.Debug|Any CPU.Build.0 = Debug|Any CPU
		{DBA129A5-B607-4656-A3F6-592942AF55A9}.Release|Any CPU.ActiveCfg = Release|Any CPU
		{DBA129A5-B607-4656-A3F6-592942AF55A9}.Release|Any CPU.Build.0 = Release|Any CPU
		{5EFACF81-11B5-4BA0-AAC0-F61293321712}.Debug|Any CPU.ActiveCfg = Debug|Any CPU
		{5EFACF81-11B5-4BA0-AAC0-F61293321712}.Debug|Any CPU.Build.0 = Debug|Any CPU
		{5EFACF81-11B5-4BA0-AAC0-F61293321712}.Release|Any CPU.ActiveCfg = Release|Any CPU
		{5EFACF81-11B5-4BA0-AAC0-F61293321712}.Release|Any CPU.Build.0 = Release|Any CPU
		{A16B63A7-9810-4CF3-9B66-827E9C894799}.Debug|Any CPU.ActiveCfg = Debug|Any CPU
		{A16B63A7-9810-4CF3-9B66-827E9C894799}.Debug|Any CPU.Build.0 = Debug|Any CPU
		{A16B63A7-9810-4CF3-9B66-827E9C894799}.Release|Any CPU.ActiveCfg = Release|Any CPU
		{A16B63A7-9810-4CF3-9B66-827E9C894799}.Release|Any CPU.Build.0 = Release|Any CPU
	EndGlobalSection
	GlobalSection(SolutionProperties) = preSolution
		HideSolutionNode = FALSE
	EndGlobalSection
	GlobalSection(ExtensibilityGlobals) = postSolution
		SolutionGuid = {A47B0704-2F7E-42A5-98C5-FDA7E3B76307}
	EndGlobalSection
EndGlobal
